
Microsoft Visual Studio Solution File, Format Version 12.00
# Visual Studio Version 17
VisualStudioVersion = 17.12.35527.113 d17.12
MinimumVisualStudioVersion = 10.0.40219.1
Project("{FAE04EC0-301F-11D3-BF4B-00C04F79EFBC}") = "01CoreDotNet", "01CoreDotNet\01CoreDotNet.csproj", "{7E304E59-3135-4A5D-B146-5EA6DD245E38}"
EndProject
Project("{FAE04EC0-301F-11D3-BF4B-00C04F79EFBC}") = "02Inheritance", "02Inheritance\02Inheritance.csproj", "{230795F2-3FE7-4993-A2E8-6F6F9CB240E5}"
EndProject
Project("{FAE04EC0-301F-11D3-BF4B-00C04F79EFBC}") = "03MethodOverriding", "03MethodOverriding\03MethodOverriding.csproj", "{867DD0ED-DB86-4E1F-9127-2784A601AAE3}"
EndProject
Project("{FAE04EC0-301F-11D3-BF4B-00C04F79EFBC}") = "BankingCRUDOperation", "BankingCRUDOperation\BankingCRUDOperation.csproj", "{C4C87B05-58AD-4628-BBDD-DB1F92D45378}"
EndProject
Global
	GlobalSection(SolutionConfigurationPlatforms) = preSolution
		Debug|Any CPU = Debug|Any CPU
		Release|Any CPU = Release|Any CPU
	EndGlobalSection
	GlobalSection(ProjectConfigurationPlatforms) = postSolution
		{7E304E59-3135-4A5D-B146-5EA6DD245E38}.Debug|Any CPU.ActiveCfg = Debug|Any CPU
		{7E304E59-3135-4A5D-B146-5EA6DD245E38}.Debug|Any CPU.Build.0 = Debug|Any CPU
		{7E304E59-3135-4A5D-B146-5EA6DD245E38}.Release|Any CPU.ActiveCfg = Release|Any CPU
		{7E304E59-3135-4A5D-B146-5EA6DD245E38}.Release|Any CPU.Build.0 = Release|Any CPU
		{230795F2-3FE7-4993-A2E8-6F6F9CB240E5}.Debug|Any CPU.ActiveCfg = Debug|Any CPU
		{230795F2-3FE7-4993-A2E8-6F6F9CB240E5}.Debug|Any CPU.Build.0 = Debug|Any CPU
		{230795F2-3FE7-4993-A2E8-6F6F9CB240E5}.Release|Any CPU.ActiveCfg = Release|Any CPU
		{230795F2-3FE7-4993-A2E8-6F6F9CB240E5}.Release|Any CPU.Build.0 = Release|Any CPU
		{867DD0ED-DB86-4E1F-9127-2784A601AAE3}.Debug|Any CPU.ActiveCfg = Debug|Any CPU
		{867DD0ED-DB86-4E1F-9127-2784A601AAE3}.Debug|Any CPU.Build.0 = Debug|Any CPU
		{867DD0ED-DB86-4E1F-9127-2784A601AAE3}.Release|Any CPU.ActiveCfg = Release|Any CPU
		{867DD0ED-DB86-4E1F-9127-2784A601AAE3}.Release|Any CPU.Build.0 = Release|Any CPU
		{C4C87B05-58AD-4628-BBDD-DB1F92D45378}.Debug|Any CPU.ActiveCfg = Debug|Any CPU
		{C4C87B05-58AD-4628-BBDD-DB1F92D45378}.Debug|Any CPU.Build.0 = Debug|Any CPU
		{C4C87B05-58AD-4628-BBDD-DB1F92D45378}.Release|Any CPU.ActiveCfg = Release|Any CPU
		{C4C87B05-58AD-4628-BBDD-DB1F92D45378}.Release|Any CPU.Build.0 = Release|Any CPU
	EndGlobalSection
	GlobalSection(SolutionProperties) = preSolution
		HideSolutionNode = FALSE
	EndGlobalSection
EndGlobal
